# MSYS2 mingw32 packages fetched 2026-08-20 10:24 UTC
# variant: gtk-gst   repository: https://repo.msys2.org/mingw/mingw64
# Pass this file back with --manifest to reproduce this tree.
# name<TAB>version<TAB>sha256
mingw-w64-x86_64-adobe-source-code-pro-fonts	2.042u+1.062i+1.026vf-1	692472c60ee5e1ca5f55eea54d82b41e9b2ca94ba935ddf313be772278353d22
mingw-w64-x86_64-adwaita-icon-theme	50.0-1	ef7e105562edf53e90b0d6286a70ca5c6da73c754b1174443f8cc0790f72bfdc
mingw-w64-x86_64-adwaita-icon-theme-legacy	46.2-1	84a91ad4a93d3969078946fc3032dfbbb1028828de4ffce1a793dda235a9fac1
mingw-w64-x86_64-atk	2.60.6-1	e526ba89d5f6793ee9a23f8960ce35affd1a5ff81b4f396e92889bfaa8a15169
mingw-w64-x86_64-aws-c-cal	0.9.13-1	cc469dad937783c42fc2003d06d9ea4c485991df9f953dec1fe8f805351618d2
mingw-w64-x86_64-aws-c-common	0.12.6-3	b97b4a260d6b4a4f90bd29d0fb556a4ccea5da4dcfae18ae88a740ae3c342b2f
mingw-w64-x86_64-aws-c-compression	0.3.2-1	d98fa2f2f88fdf79972c6d43dd1aa41ac477d7e17e32c083dc9376ddc6a1743b
mingw-w64-x86_64-aws-c-http	0.10.14-1	8bf0dd2e8ce221f981fe40d266987fd6395741feae9fb6a85744b4ff4ba2ac9c
mingw-w64-x86_64-aws-c-io	0.26.3-3	e07d2bfd1196d1c0a5d2ee134c8893f37599068d4b6de54a5add979d80435983
mingw-w64-x86_64-aws-c-mqtt	0.15.2-1	4fd1fe8cdf41dc7325be20ecf19822b66af40c37f9c930aac9f4bfd25234383e
mingw-w64-x86_64-brotli	1.2.0-1	f5f2f7e723a08378241d15f0537386950c1a48e2d82bc47bedd632bd61852aba
mingw-w64-x86_64-bzip2	1.0.8-4	123768f30ae14ba654a6feb70f8526146a331bc85f831a91a549ffb3f6cbffc7
mingw-w64-x86_64-ca-certificates	20260816-1	6030a6e98afd408164e9fdf2b76b53492189b57c6d2ec3b460fcb4d9d249e1ed
mingw-w64-x86_64-cairo	1.18.4-4	1487120562e42601a8462d9953098f685c513999a2e472a3524fa96434be3290
mingw-w64-x86_64-cantarell-fonts	0.311-1	56c015f61ed9eed5c5b96bb24bb57f2ba79a14f4321df69277371c0becc68f93
mingw-w64-x86_64-c-ares	1.34.8-1	34c1b4c196f52bd3f0c0b4ac652fabd2325086183c000baa10f721c815b29542
mingw-w64-x86_64-curl	8.21.0-2	4edcde9de2f033ae6e734e295613aef65c41ce5ab77edfc21ef82f0434d49ea0
mingw-w64-x86_64-duktape	2.7.0-1	7ee3f107fe7f8da1458af82119ee5262477cc895450c188dd0e67a3ea5a1ddac
mingw-w64-x86_64-egl-headers	1.5.r284.3ae2b7c-1	5f35a897f2908cdc4972bafed5432770ca5ac3e883d1a1f268b28483821de853
mingw-w64-x86_64-expat	2.8.3-1	1150633696e2cad490c03517b4a3e240dfb23b8937afef7e7fc45e2dc8751f55
mingw-w64-x86_64-flac	1.5.0-2	cf1713c63bd34a6ca24b231bee194c6ac319dcefa4cd41bb9fbb44c941bc6870
mingw-w64-x86_64-fontconfig	2.18.3-1	7cdd32ad27ee9f8d176698744f3efa123feba57cecb833e87c221b50cd7224d1
mingw-w64-x86_64-freetype	2.14.3-1	b3e310f457c90348fd14b8c1085e9c036016d168812a657fec21f496f7e3de99
mingw-w64-x86_64-fribidi	1.0.16-1	82d4f9e431082d2ac2fa7b9eddd73aa0c073bf8ae66b7d137195797ec543dffa
mingw-w64-x86_64-gcc-libs	16.2.0-3	f8e25ea67bb796e7f65550f0dca9fce4cdde8aaa3dadafe4d13c6a8233c8de26
mingw-w64-x86_64-gdk-pixbuf2	2.44.7-1	8ca07a6ba0abc968597cd2915ac7bfc5d0588af4ad5d52cbeaa86f10a5ab7d23
mingw-w64-x86_64-gettext-runtime	1.0-1	be68d7f260633284b910c588c6d82ee304a81c8817a686d2cd9df83f872c27af
mingw-w64-x86_64-giflib	6.1.3-1	bfa540ab9892bbc5161e3f81fcfb0ca71f44bd2e00478b5df79f899825c523f5
mingw-w64-x86_64-gles-headers	3.2.r1065.7fc154c-1	a8430cc5deac5c7b96610bd542d2bd276966bf9c3da9cb4b1fa8bf4c0e94984f
mingw-w64-x86_64-glib2	2.88.3-1	5aa850934d0216f5b7237bd54c3ec660ebfc3a42fd992bc7abbd611bd9cc7663
mingw-w64-x86_64-glib-networking	2.80.1-3	6a66dce893d0cebce4f94f51309e7a2445217bcfde124ae304250e2f03716c19
mingw-w64-x86_64-gmp	6.3.0-2	8924433974c4add46cb46ea4f6ef283b5c5139d3f552375115b5580f855015cc
mingw-w64-x86_64-gnutls	3.8.13-3	0d5a373ac558af20dc0a46d249e99f8a3b3d3562ae013e73f00642dc3bd118cf
mingw-w64-x86_64-graphene	1.10.8-3	5b0e3dd70111d2a9b676b7b6e59a1807262ce2547807ce4e32ba8b306ae1026b
mingw-w64-x86_64-graphite2	1.3.15-1	6ad20d6c16e559f7c4b06fe71248e1201c7edf494d04e5721ed7f9b3f7fd1f74
mingw-w64-x86_64-gsettings-desktop-schemas	50.1-1	6ba7d353852c476bb85b2baa364956f6cc71d20a640f7264ccea951008525ad3
mingw-w64-x86_64-gst-plugins-base	1.28.6-1	58ce22c8585fd358d8661f7a06041a7da4deba64dc0ac8a91b33079a9e47943f
mingw-w64-x86_64-gst-plugins-good	1.28.6-1	03f93ecc5744cfe2bc431a26f4c49b07f1055f5246e735ab71d0d0e4c0eed264
mingw-w64-x86_64-gstreamer	1.28.6-1	b0e7f5354d5d82aab1dc922106c5ce78aab94d6796ff5e93780ede49bc87be25
mingw-w64-x86_64-gtk3	3.24.52-1	3a03940cb82203466d7ebf5f61a00ab51b6ef8d9b6e7bd94a6eaaa46ec6e7aeb
mingw-w64-x86_64-gtk-update-icon-cache	3.24.52-1	9241cb51d82eb0f6765f94453f9ab1c9a7f43d21cd0086dcd322ba67a343d71a
mingw-w64-x86_64-harfbuzz	14.3.1-1	de5b654b750a89bfa17aa86f59543a9eda37c2a2429a0d15b75925f45a395c7c
mingw-w64-x86_64-hicolor-icon-theme	0.18-1	8140b5f0f824be2073cc60d40e6977c00ffcfc3c7eeff24bd5dffbe61f4dae75
mingw-w64-x86_64-iso-codes	4.20.1-1	e135935926f9a2e83c873c5b46d1c884c160430706969c636c271b90ece17ac8
mingw-w64-x86_64-jbigkit	2.1-6	3db9e32abca5d208920a096e5ae01952f2d8a361780428b9646b6da6750f7321
mingw-w64-x86_64-json-glib	1.10.8-2	0f5645e49e258cc75e7e6a8b25d0117b726fc0c3f69eed881db9bf643a5d0d62
mingw-w64-x86_64-lame	3.100-3	083e74a93c2fa764c26d73b5a21e2f5055242bc13997d8dbe6a6c2b4577d6b03
mingw-w64-x86_64-lerc	4.1.1-1	5bc170650bc02812a7c674a5f7b8ff2781b4bfa259ab2da2264c3008e2a04c72
mingw-w64-x86_64-libarchive	3.8.9-3	cc0d9e34319f58af00811332c212b0d30aaa8fa9b00b4fe5540cd820beda358b
mingw-w64-x86_64-libb2	0.98.1-3	3c898f08c5f19e25dc6d7e39aa36b6f323141f0e62c5c50f089cd3f89711854c
mingw-w64-x86_64-libcaca	0.99.beta20-8	c07a0cab007ed74f9799f7a8ef79cf2ae762d1e89d006e121f3f9f643aac0e32
mingw-w64-x86_64-libdatrie	0.2.14-1	fbbf30e9a911c1139ba5c38c5ae008309dd912f6c6b1e05f4310ec698e1b1339
mingw-w64-x86_64-libdeflate	1.25-1	75f921f6db5713c3a5d7d8e058684a9c5d31efe6eda131e0d05f408ed74f7475
mingw-w64-x86_64-libepoxy	1.5.10-7	a2dca7211c2c6a3bb335c074167db9929f62da55d566df29aea26e5e88f35bfc
mingw-w64-x86_64-libffi	3.8.0-1	6dad7f3c6c900d3c64a4fe0c2764b405e678b22df3521d2284ffaeff0198b84b
mingw-w64-x86_64-libiconv	1.19-1	21e334d0911f25de75d3e18e0697648bcecfa9658256d600cad0827d719c2f35
mingw-w64-x86_64-libidn2	2.3.8-4	f98a157446f9ac35465022e329cdaf6169b0c9fa19837e9d80aff9d4e5109013
mingw-w64-x86_64-libjpeg-turbo	3.2.0-1	ef3f55cf5238a8045c8f37796d730e4a5ee619d29ca9254aaa62456e5b5b7e51
mingw-w64-x86_64-libogg	1.3.6-1	7ef9ec16403e1489a37c3a5ce58b083408ba694c6882e673639e2250df98bb8b
mingw-w64-x86_64-libpng	1.6.58-1	d8ae6066f99b3a04b83b8013b554a26a205d7e68580b80823c173ed045ba76a5
mingw-w64-x86_64-libproxy	0.5.12-1	49643881b9c8a0b39ae5f38f06a0e293dc7721d0d82067a8311ed38994b0773e
mingw-w64-x86_64-libpsl	0.21.5-3	2a86f7ce3cd3fabff7eb8e5c0d3eb1134808881a44c3838e1b518b75cb402e35
mingw-w64-x86_64-librsvg	2.62.3-1	30f529d506962addfe53e309d8474975dc21100608a6c2b2674fbd9f9802bb77
mingw-w64-x86_64-libshout	2.4.6-6	6993087cc9a3e5349b1bdb31e4e7a019317b6a147b06dc99a6145e9f0656d969
mingw-w64-x86_64-libsndfile	1.2.2-1	28f6a9be61c474fb96142be8426d551cec5f126b8a8b7ce2116379aa427e7dca
mingw-w64-x86_64-libsoup3	3.6.6-1	eb0dac5ac9a11f59235437ad9337d62f8f3681377df6ffe30ae98a8698471a3b
mingw-w64-x86_64-libssh2	1.11.1-2	83d0b99f79e930b30eb642382662686b696d64ceb927c2606debd79cb6ff670a
mingw-w64-x86_64-libsystre	1.0.2-2	f351bde32637e87516dbad61a5c77c63aae0709273693c5aee6e0a8533d68f14
mingw-w64-x86_64-libtasn1	4.21.0-1	9f7aa213d14135e5856cc7a1254d871cbed60dee00b40db87a6ca7a4e733d2b2
mingw-w64-x86_64-libthai	0.1.30-1	e8cfad91934e24e9a88221b66f2d1c5a310c952ef86631107a632d3ff1738211
mingw-w64-x86_64-libtheora	1.2.0-1	97a75f86edaf4b201fa3e82f9d68e303c19fa1911cc90fbcee138999349c1f39
mingw-w64-x86_64-libtiff	4.7.2-1	ebc466fa5664c1528834c59ee7134ba57df6db224e503b690870e2c613f30c3e
mingw-w64-x86_64-libtre	0.9.0-2	c4051508d063258e1e02dd29615edb7d73c5c5f582ae42795fdd92e7ddce506b
mingw-w64-x86_64-libunistring	1.4.2-1	c940cf52fb2b579baa596d3c1d911f7544cbf90f8bd19c260377aa115c65b059
mingw-w64-x86_64-libvorbis	1.3.7-3	3d68dc3ccb32f0ea230a4bbc19c8fd440893058437c49864c4e26b12d6cb078a
mingw-w64-x86_64-libvpx	1.16.0-1	e1c166239223d1f723971d89b932bf6fdfaaa175e1908f07f09d673188c6bab2
mingw-w64-x86_64-libwebp	1.6.0-1	360b1690d41eb497dfe50526460a2424600a6a806cbb76c5b0fec9f14623ac59
mingw-w64-x86_64-libwinpthread	14.0.0.r283.ga7cb47123-1	53cfb40f38b28a691265b461ff76cd83f67138e7e1125abe78959eb2e4058067
mingw-w64-x86_64-libxml2	2.15.3-1	5da9828356a54938e5402f90b0a104f8b9175ab0f5266e9ed1e6ffd057b754b1
mingw-w64-x86_64-lz4	1.10.0-1	a4c5a3bcd26111554c87591275b8a681bfa4473d1607647e24c22ef6213c055c
mingw-w64-x86_64-lzo2	2.10-3	445115c31e91486801af9493278c0eb86c6194c2644a54e92d5afac10edea630
mingw-w64-x86_64-mpdecimal	4.0.1-3	8da7e7f78434f188664c4d2779c03ea7a80f7f5837a115834ab734b352a613e5
mingw-w64-x86_64-mpg123	1.33.7-1	2928cf82017d27d394f383abadbae3137e3c0123a0c635b81f8192b62b8c1745
mingw-w64-x86_64-ncurses	6.6-4	7bf5159441d00262085d2619f6c26877ea7595d4dafc6840637c6c5fccda5cf5
mingw-w64-x86_64-nettle	4.0-1	505773abfb4f3af514012e2926c11db6365299c7eda141d958a065740740dc86
mingw-w64-x86_64-nghttp2	1.70.0-1	c086d42107f8c142f0f45e32f81665816732f071d9486359875da20df0a7cdd3
mingw-w64-x86_64-nghttp3	1.18.0-1	00c55f940bb8d2f4b06690858efcaa42158dc33ccb7b7b8412e05659d3e22802
mingw-w64-x86_64-ngtcp2	1.25.0-1	e110f5b9a2c783ac437be2b80955e79a72f9d3a329fdb626c41516044aaee47a
mingw-w64-x86_64-opencore-amr	0.1.6-1	39cec71d74f94d63cca90f22e6810818248c15fb2a6bf1ee544dde4cd6e2d1a4
mingw-w64-x86_64-openssl	3.6.3-1	82de7ff886112374ffae9e7b3c843c82342e198543fb024790416ef56434fe9f
mingw-w64-x86_64-opus	1.6.1-1	8ff5a273c811e64c5af4c886b6f5d7a8aefca30ef2c7942a7e0a7e62c49e1c25
mingw-w64-x86_64-orc	0.4.42-1	e70e6d5c151e50c823b2f583383efc39203b73c437ef157fde02e83481dd9453
mingw-w64-x86_64-p11-kit	0.26.5-1	171b877586efd64888648007a56c3a263eb2d4abc82594c90d30b1b7e4b9f5eb
mingw-w64-x86_64-pango	1.58.2-1	6aa68db02f6158dba802da406d25b29650011beb2d5d1b0a0050081e19874e57
mingw-w64-x86_64-pcre2	10.47-1	7c9e3cd47af02a096c0c1810d1021f63c5fb1d22dbec91fa019d8b37eda00d98
mingw-w64-x86_64-pixman	0.46.4-3	435715dd1ca4c55873cf3c38d644615196bc2d238e3366f8ff81cc0811260eb2
mingw-w64-x86_64-python	3.14.7-1	39aa1fe66f065490843c633d0819e4548718ed99b7bdf1b02512a59f31afa474
mingw-w64-x86_64-python-packaging	26.3-1	69e6eff5c623ebd1cc3cfca13d8bbc6c70b0ca1dfbc3704b251478a30a25b20e
mingw-w64-x86_64-SDL2	2.32.10-1	5991afbcfeb2f8b838ab80b2270d713a727199ca392715677a7c1931a0d9ecef
mingw-w64-x86_64-shared-mime-info	2.5.1-1	d99e3344892456a64e6a307f9a4b606844add6b3303da166dbfda96326224fc3
mingw-w64-x86_64-speex	1.2.1-1	28abd57d2f49aeb60d667a5d3e3f04293995d539c9bafd3f98a0365fb8bf236a
mingw-w64-x86_64-speexdsp	1.2.1-1	e46b80e43db1436f9469fb9500feb1a0d3879e63b35703baba6f46af4949a4c8
mingw-w64-x86_64-sqlite3	3.53.4-1	baca1837b4f5ae4ea39198c4ec98459a446eb4af17459ad6376d734b285b4ff0
mingw-w64-x86_64-taglib	2.2.1-1	ec6353721d5c25af9b7157f73660b5b34e503dcffcf7da9c3d765d5b7f226d26
mingw-w64-x86_64-tcl	8.6.18-1	d95289300fd8e16bd5cb241b9928a256695aeebeca2885deef3326cd4a4d5ba8
mingw-w64-x86_64-tk	8.6.18-1	42aa79962e1679dd55e93f79a25dc1e50c7235f143ab501b3ec68debd0d32a3e
mingw-w64-x86_64-twolame	0.4.0-3	abbc0029473289dda69319c4c786c4c09ed8ece74d09cd6335a95c44a848e141
mingw-w64-x86_64-tzdata	2026c-1	502e6f8e65c554e717f6c749dcbb70cc9b85ed94b01c151c26a0c25235e63df2
mingw-w64-x86_64-vulkan-loader	1~1.4.357.0-1	4050dcd32f011f28b4784bf8bccdd48681c3bc5f0efee02f897566abb96bbb76
mingw-w64-x86_64-wavpack	5.9.0-1	54e9a30c413e2bdd8b3c839797a6947cd3c6dec973d94aa2222ebe5a75c22fd0
mingw-w64-x86_64-wineditline	2.208-1	dfe7fab66632eececc73d84053eae2be8dd2146ecefe0fc2133277706084d7ea
mingw-w64-x86_64-xz	5.8.3-1	075bfaf1c7527f2fdd02ad5b973378e1e8d426ba7b614f122cebd81a8fe5d1c1
mingw-w64-x86_64-zlib	1.3.2-2	9e75842a070ba648e986e12424e1c92c9d7d77200e85f6a34eeb600819f2e694
mingw-w64-x86_64-zstd	1.5.7-2	1add6705b344664f6aca108c85f79ab5bdd9e1162662bb06a4cf40a34f6e0907
