
Microsoft Visual Studio Solution File, Format Version 9.00
# Visual Studio 2005
Project("{8BC9CEB8-8B4A-11D0-8D11-00A0C91BC942}") = "lualibrary", "lualibrary.vcproj", "{CB903C59-4707-4EF7-B7D2-A6F0CB1DF6FF}"
EndProject
Global
	GlobalSection(SolutionConfigurationPlatforms) = preSolution
		Debug|Win32 = Debug|Win32
		Release|Win32 = Release|Win32
	EndGlobalSection
	GlobalSection(ProjectConfigurationPlatforms) = postSolution
		{CB903C59-4707-4EF7-B7D2-A6F0CB1DF6FF}.Debug|Win32.ActiveCfg = Release|Win32
		{CB903C59-4707-4EF7-B7D2-A6F0CB1DF6FF}.Debug|Win32.Build.0 = Release|Win32
		{CB903C59-4707-4EF7-B7D2-A6F0CB1DF6FF}.Release|Win32.ActiveCfg = Release|Win32
		{CB903C59-4707-4EF7-B7D2-A6F0CB1DF6FF}.Release|Win32.Build.0 = Release|Win32
	EndGlobalSection
	GlobalSection(SolutionProperties) = preSolution
		HideSolutionNode = FALSE
	EndGlobalSection
EndGlobal
