# MSYS2 mingw32 packages fetched 2026-08-20 09:43 UTC
# variant: base   repository: https://repo.msys2.org/mingw/mingw64
# Pass this file back with --manifest to reproduce this tree.
# name<TAB>version<TAB>sha256
mingw-w64-x86_64-aws-c-cal	0.9.13-1	cc469dad937783c42fc2003d06d9ea4c485991df9f953dec1fe8f805351618d2
mingw-w64-x86_64-aws-c-common	0.12.6-3	b97b4a260d6b4a4f90bd29d0fb556a4ccea5da4dcfae18ae88a740ae3c342b2f
mingw-w64-x86_64-aws-c-compression	0.3.2-1	d98fa2f2f88fdf79972c6d43dd1aa41ac477d7e17e32c083dc9376ddc6a1743b
mingw-w64-x86_64-aws-c-http	0.10.14-1	8bf0dd2e8ce221f981fe40d266987fd6395741feae9fb6a85744b4ff4ba2ac9c
mingw-w64-x86_64-aws-c-io	0.26.3-3	e07d2bfd1196d1c0a5d2ee134c8893f37599068d4b6de54a5add979d80435983
mingw-w64-x86_64-aws-c-mqtt	0.15.2-1	4fd1fe8cdf41dc7325be20ecf19822b66af40c37f9c930aac9f4bfd25234383e
mingw-w64-x86_64-brotli	1.2.0-1	f5f2f7e723a08378241d15f0537386950c1a48e2d82bc47bedd632bd61852aba
mingw-w64-x86_64-bzip2	1.0.8-4	123768f30ae14ba654a6feb70f8526146a331bc85f831a91a549ffb3f6cbffc7
mingw-w64-x86_64-ca-certificates	20260816-1	6030a6e98afd408164e9fdf2b76b53492189b57c6d2ec3b460fcb4d9d249e1ed
mingw-w64-x86_64-c-ares	1.34.8-1	34c1b4c196f52bd3f0c0b4ac652fabd2325086183c000baa10f721c815b29542
mingw-w64-x86_64-curl	8.21.0-2	4edcde9de2f033ae6e734e295613aef65c41ce5ab77edfc21ef82f0434d49ea0
mingw-w64-x86_64-expat	2.8.3-1	1150633696e2cad490c03517b4a3e240dfb23b8937afef7e7fc45e2dc8751f55
mingw-w64-x86_64-gcc-libs	16.2.0-3	f8e25ea67bb796e7f65550f0dca9fce4cdde8aaa3dadafe4d13c6a8233c8de26
mingw-w64-x86_64-gettext-runtime	1.0-1	be68d7f260633284b910c588c6d82ee304a81c8817a686d2cd9df83f872c27af
mingw-w64-x86_64-gmp	6.3.0-2	8924433974c4add46cb46ea4f6ef283b5c5139d3f552375115b5580f855015cc
mingw-w64-x86_64-gnutls	3.8.13-3	0d5a373ac558af20dc0a46d249e99f8a3b3d3562ae013e73f00642dc3bd118cf
mingw-w64-x86_64-libarchive	3.8.9-3	cc0d9e34319f58af00811332c212b0d30aaa8fa9b00b4fe5540cd820beda358b
mingw-w64-x86_64-libb2	0.98.1-3	3c898f08c5f19e25dc6d7e39aa36b6f323141f0e62c5c50f089cd3f89711854c
mingw-w64-x86_64-libffi	3.8.0-1	6dad7f3c6c900d3c64a4fe0c2764b405e678b22df3521d2284ffaeff0198b84b
mingw-w64-x86_64-libiconv	1.19-1	21e334d0911f25de75d3e18e0697648bcecfa9658256d600cad0827d719c2f35
mingw-w64-x86_64-libidn2	2.3.8-4	f98a157446f9ac35465022e329cdaf6169b0c9fa19837e9d80aff9d4e5109013
mingw-w64-x86_64-libpsl	0.21.5-3	2a86f7ce3cd3fabff7eb8e5c0d3eb1134808881a44c3838e1b518b75cb402e35
mingw-w64-x86_64-libssh2	1.11.1-2	83d0b99f79e930b30eb642382662686b696d64ceb927c2606debd79cb6ff670a
mingw-w64-x86_64-libtasn1	4.21.0-1	9f7aa213d14135e5856cc7a1254d871cbed60dee00b40db87a6ca7a4e733d2b2
mingw-w64-x86_64-libunistring	1.4.2-1	c940cf52fb2b579baa596d3c1d911f7544cbf90f8bd19c260377aa115c65b059
mingw-w64-x86_64-libwinpthread	14.0.0.r283.ga7cb47123-1	53cfb40f38b28a691265b461ff76cd83f67138e7e1125abe78959eb2e4058067
mingw-w64-x86_64-libxml2	2.15.3-1	5da9828356a54938e5402f90b0a104f8b9175ab0f5266e9ed1e6ffd057b754b1
mingw-w64-x86_64-lz4	1.10.0-1	a4c5a3bcd26111554c87591275b8a681bfa4473d1607647e24c22ef6213c055c
mingw-w64-x86_64-nettle	4.0-1	505773abfb4f3af514012e2926c11db6365299c7eda141d958a065740740dc86
mingw-w64-x86_64-nghttp2	1.70.0-1	c086d42107f8c142f0f45e32f81665816732f071d9486359875da20df0a7cdd3
mingw-w64-x86_64-nghttp3	1.18.0-1	00c55f940bb8d2f4b06690858efcaa42158dc33ccb7b7b8412e05659d3e22802
mingw-w64-x86_64-ngtcp2	1.25.0-1	e110f5b9a2c783ac437be2b80955e79a72f9d3a329fdb626c41516044aaee47a
mingw-w64-x86_64-openssl	3.6.3-1	82de7ff886112374ffae9e7b3c843c82342e198543fb024790416ef56434fe9f
mingw-w64-x86_64-p11-kit	0.26.5-1	171b877586efd64888648007a56c3a263eb2d4abc82594c90d30b1b7e4b9f5eb
mingw-w64-x86_64-pcre2	10.47-1	7c9e3cd47af02a096c0c1810d1021f63c5fb1d22dbec91fa019d8b37eda00d98
mingw-w64-x86_64-tzdata	2026c-1	502e6f8e65c554e717f6c749dcbb70cc9b85ed94b01c151c26a0c25235e63df2
mingw-w64-x86_64-wineditline	2.208-1	dfe7fab66632eececc73d84053eae2be8dd2146ecefe0fc2133277706084d7ea
mingw-w64-x86_64-xz	5.8.3-1	075bfaf1c7527f2fdd02ad5b973378e1e8d426ba7b614f122cebd81a8fe5d1c1
mingw-w64-x86_64-zlib	1.3.2-2	9e75842a070ba648e986e12424e1c92c9d7d77200e85f6a34eeb600819f2e694
mingw-w64-x86_64-zstd	1.5.7-2	1add6705b344664f6aca108c85f79ab5bdd9e1162662bb06a4cf40a34f6e0907
